// !$*UTF8*$!
{
	archiveVersion = 1;
	classes = {
	};
	objectVersion = 56;
	objects = {

/* Begin PBXBuildFile section */
		0B6B9EFE2AA8D13E007EA721 /* AppDelegate.swift in Sources */ = {isa = PBXBuildFile; fileRef = 0B6B9EFD2AA8D13E007EA721 /* AppDelegate.swift */; };
		0B6B9F002AA8D13E007EA721 /* SceneDelegate.swift in Sources */ = {isa = PBXBuildFile; fileRef = 0B6B9EFF2AA8D13E007EA721 /* SceneDelegate.swift */; };
		0B6B9F022AA8D13E007EA721 /* ViewController.swift in Sources */ = {isa = PBXBuildFile; fileRef = 0B6B9F012AA8D13E007EA721 /* ViewController.swift */; };
		0B6B9F052AA8D13E007EA721 /* Main.storyboard in Resources */ = {isa = PBXBuildFile; fileRef = 0B6B9F032AA8D13E007EA721 /* Main.storyboard */; };
		0B6B9F072AA8D141007EA721 /* Assets.xcassets in Resources */ = {isa = PBXBuildFile; fileRef = 0B6B9F062AA8D141007EA721 /* Assets.xcassets */; };
		0B6B9F0A2AA8D141007EA721 /* LaunchScreen.storyboard in Resources */ = {isa = PBXBuildFile; fileRef = 0B6B9F082AA8D141007EA721 /* LaunchScreen.storyboard */; };
		0B6B9F132AA8D31B007EA721 /* Alamofire in Frameworks */ = {isa = PBXBuildFile; productRef = 0B6B9F122AA8D31B007EA721 /* Alamofire */; };
		0B6B9F162AA8D362007EA721 /* WebService.swift in Sources */ = {isa = PBXBuildFile; fileRef = 0B6B9F152AA8D362007EA721 /* WebService.swift */; };
		0B6B9F1D2AA8D40D007EA721 /* RequestHeaderManager.swift in Sources */ = {isa = PBXBuildFile; fileRef = 0B6B9F172AA8D40C007EA721 /* RequestHeaderManager.swift */; };
		0B6B9F1E2AA8D40D007EA721 /* RequestBodyManager.swift in Sources */ = {isa = PBXBuildFile; fileRef = 0B6B9F182AA8D40D007EA721 /* RequestBodyManager.swift */; };
		0B6B9F1F2AA8D40D007EA721 /* NetworkInterceptor.swift in Sources */ = {isa = PBXBuildFile; fileRef = 0B6B9F192AA8D40D007EA721 /* NetworkInterceptor.swift */; };
		0B6B9F202AA8D40D007EA721 /* RequestQueryParamManager.swift in Sources */ = {isa = PBXBuildFile; fileRef = 0B6B9F1A2AA8D40D007EA721 /* RequestQueryParamManager.swift */; };
		0B6B9F212AA8D40D007EA721 /* RequestURLManager.swift in Sources */ = {isa = PBXBuildFile; fileRef = 0B6B9F1B2AA8D40D007EA721 /* RequestURLManager.swift */; };
		0B6B9F222AA8D40D007EA721 /* RequestManager.swift in Sources */ = {isa = PBXBuildFile; fileRef = 0B6B9F1C2AA8D40D007EA721 /* RequestManager.swift */; };
		0B6B9F242AA8D43F007EA721 /* Connectivity.swift in Sources */ = {isa = PBXBuildFile; fileRef = 0B6B9F232AA8D43F007EA721 /* Connectivity.swift */; };
		0B6B9F272AA8D5B1007EA721 /* GlobalFunctions.swift in Sources */ = {isa = PBXBuildFile; fileRef = 0B6B9F262AA8D5B1007EA721 /* GlobalFunctions.swift */; };
		0B6B9F292AA8D5C0007EA721 /* GlobalVariables.swift in Sources */ = {isa = PBXBuildFile; fileRef = 0B6B9F282AA8D5C0007EA721 /* GlobalVariables.swift */; };
		0B6B9F2C2AA8D83E007EA721 /* RefreshTokenResponse.swift in Sources */ = {isa = PBXBuildFile; fileRef = 0B6B9F2B2AA8D83E007EA721 /* RefreshTokenResponse.swift */; };
		0B6B9F2E2AA8D86D007EA721 /* NameResponse.swift in Sources */ = {isa = PBXBuildFile; fileRef = 0B6B9F2D2AA8D86D007EA721 /* NameResponse.swift */; };
/* End PBXBuildFile section */

/* Begin PBXFileReference section */
		0B6B9EFA2AA8D13E007EA721 /* pure swift networking.app */ = {isa = PBXFileReference; explicitFileType = wrapper.application; includeInIndex = 0; path = "pure swift networking.app"; sourceTree = BUILT_PRODUCTS_DIR; };
		0B6B9EFD2AA8D13E007EA721 /* AppDelegate.swift */ = {isa = PBXFileReference; lastKnownFileType = sourcecode.swift; path = AppDelegate.swift; sourceTree = "<group>"; };
		0B6B9EFF2AA8D13E007EA721 /* SceneDelegate.swift */ = {isa = PBXFileReference; lastKnownFileType = sourcecode.swift; path = SceneDelegate.swift; sourceTree = "<group>"; };
		0B6B9F012AA8D13E007EA721 /* ViewController.swift */ = {isa = PBXFileReference; lastKnownFileType = sourcecode.swift; path = ViewController.swift; sourceTree = "<group>"; };
		0B6B9F042AA8D13E007EA721 /* Base */ = {isa = PBXFileReference; lastKnownFileType = file.storyboard; name = Base; path = Base.lproj/Main.storyboard; sourceTree = "<group>"; };
		0B6B9F062AA8D141007EA721 /* Assets.xcassets */ = {isa = PBXFileReference; lastKnownFileType = folder.assetcatalog; path = Assets.xcassets; sourceTree = "<group>"; };
		0B6B9F092AA8D141007EA721 /* Base */ = {isa = PBXFileReference; lastKnownFileType = file.storyboard; name = Base; path = Base.lproj/LaunchScreen.storyboard; sourceTree = "<group>"; };
		0B6B9F0B2AA8D141007EA721 /* Info.plist */ = {isa = PBXFileReference; lastKnownFileType = text.plist.xml; path = Info.plist; sourceTree = "<group>"; };
		0B6B9F152AA8D362007EA721 /* WebService.swift */ = {isa = PBXFileReference; lastKnownFileType = sourcecode.swift; path = WebService.swift; sourceTree = "<group>"; };
		0B6B9F172AA8D40C007EA721 /* RequestHeaderManager.swift */ = {isa = PBXFileReference; fileEncoding = 4; lastKnownFileType = sourcecode.swift; path = RequestHeaderManager.swift; sourceTree = "<group>"; };
		0B6B9F182AA8D40D007EA721 /* RequestBodyManager.swift */ = {isa = PBXFileReference; fileEncoding = 4; lastKnownFileType = sourcecode.swift; path = RequestBodyManager.swift; sourceTree = "<group>"; };
		0B6B9F192AA8D40D007EA721 /* NetworkInterceptor.swift */ = {isa = PBXFileReference; fileEncoding = 4; lastKnownFileType = sourcecode.swift; path = NetworkInterceptor.swift; sourceTree = "<group>"; };
		0B6B9F1A2AA8D40D007EA721 /* RequestQueryParamManager.swift */ = {isa = PBXFileReference; fileEncoding = 4; lastKnownFileType = sourcecode.swift; path = RequestQueryParamManager.swift; sourceTree = "<group>"; };
		0B6B9F1B2AA8D40D007EA721 /* RequestURLManager.swift */ = {isa = PBXFileReference; fileEncoding = 4; lastKnownFileType = sourcecode.swift; path = RequestURLManager.swift; sourceTree = "<group>"; };
		0B6B9F1C2AA8D40D007EA721 /* RequestManager.swift */ = {isa = PBXFileReference; fileEncoding = 4; lastKnownFileType = sourcecode.swift; path = RequestManager.swift; sourceTree = "<group>"; };
		0B6B9F232AA8D43F007EA721 /* Connectivity.swift */ = {isa = PBXFileReference; fileEncoding = 4; lastKnownFileType = sourcecode.swift; path = Connectivity.swift; sourceTree = "<group>"; };
		0B6B9F262AA8D5B1007EA721 /* GlobalFunctions.swift */ = {isa = PBXFileReference; lastKnownFileType = sourcecode.swift; path = GlobalFunctions.swift; sourceTree = "<group>"; };
		0B6B9F282AA8D5C0007EA721 /* GlobalVariables.swift */ = {isa = PBXFileReference; lastKnownFileType = sourcecode.swift; path = GlobalVariables.swift; sourceTree = "<group>"; };
		0B6B9F2B2AA8D83E007EA721 /* RefreshTokenResponse.swift */ = {isa = PBXFileReference; lastKnownFileType = sourcecode.swift; path = RefreshTokenResponse.swift; sourceTree = "<group>"; };
		0B6B9F2D2AA8D86D007EA721 /* NameResponse.swift */ = {isa = PBXFileReference; lastKnownFileType = sourcecode.swift; path = NameResponse.swift; sourceTree = "<group>"; };
/* End PBXFileReference section */

/* Begin PBXFrameworksBuildPhase section */
		0B6B9EF72AA8D13E007EA721 /* Frameworks */ = {
			isa = PBXFrameworksBuildPhase;
			buildActionMask = 2147483647;
			files = (
				0B6B9F132AA8D31B007EA721 /* Alamofire in Frameworks */,
			);
			runOnlyForDeploymentPostprocessing = 0;
		};
/* End PBXFrameworksBuildPhase section */

/* Begin PBXGroup section */
		0B6B9EF12AA8D13E007EA721 = {
			isa = PBXGroup;
			children = (
				0B6B9EFC2AA8D13E007EA721 /* pure swift networking */,
				0B6B9EFB2AA8D13E007EA721 /* Products */,
			);
			sourceTree = "<group>";
		};
		0B6B9EFB2AA8D13E007EA721 /* Products */ = {
			isa = PBXGroup;
			children = (
				0B6B9EFA2AA8D13E007EA721 /* pure swift networking.app */,
			);
			name = Products;
			sourceTree = "<group>";
		};
		0B6B9EFC2AA8D13E007EA721 /* pure swift networking */ = {
			isa = PBXGroup;
			children = (
				0B6B9F2A2AA8D82A007EA721 /* Models */,
				0B6B9F252AA8D5A1007EA721 /* Helpers */,
				0B6B9F142AA8D33F007EA721 /* Network Layer */,
				0B6B9F2F2AA8DD48007EA721 /* ViewControllers */,
				0B6B9EFF2AA8D13E007EA721 /* SceneDelegate.swift */,
				0B6B9EFD2AA8D13E007EA721 /* AppDelegate.swift */,
				0B6B9F032AA8D13E007EA721 /* Main.storyboard */,
				0B6B9F062AA8D141007EA721 /* Assets.xcassets */,
				0B6B9F082AA8D141007EA721 /* LaunchScreen.storyboard */,
				0B6B9F0B2AA8D141007EA721 /* Info.plist */,
			);
			path = "pure swift networking";
			sourceTree = "<group>";
		};
		0B6B9F142AA8D33F007EA721 /* Network Layer */ = {
			isa = PBXGroup;
			children = (
				0B6B9F232AA8D43F007EA721 /* Connectivity.swift */,
				0B6B9F192AA8D40D007EA721 /* NetworkInterceptor.swift */,
				0B6B9F1C2AA8D40D007EA721 /* RequestManager.swift */,
				0B6B9F182AA8D40D007EA721 /* RequestBodyManager.swift */,
				0B6B9F172AA8D40C007EA721 /* RequestHeaderManager.swift */,
				0B6B9F1A2AA8D40D007EA721 /* RequestQueryParamManager.swift */,
				0B6B9F1B2AA8D40D007EA721 /* RequestURLManager.swift */,
				0B6B9F152AA8D362007EA721 /* WebService.swift */,
			);
			path = "Network Layer";
			sourceTree = "<group>";
		};
		0B6B9F252AA8D5A1007EA721 /* Helpers */ = {
			isa = PBXGroup;
			children = (
				0B6B9F262AA8D5B1007EA721 /* GlobalFunctions.swift */,
				0B6B9F282AA8D5C0007EA721 /* GlobalVariables.swift */,
			);
			path = Helpers;
			sourceTree = "<group>";
		};
		0B6B9F2A2AA8D82A007EA721 /* Models */ = {
			isa = PBXGroup;
			children = (
				0B6B9F2B2AA8D83E007EA721 /* RefreshTokenResponse.swift */,
				0B6B9F2D2AA8D86D007EA721 /* NameResponse.swift */,
			);
			path = Models;
			sourceTree = "<group>";
		};
		0B6B9F2F2AA8DD48007EA721 /* ViewControllers */ = {
			isa = PBXGroup;
			children = (
				0B6B9F012AA8D13E007EA721 /* ViewController.swift */,
			);
			path = ViewControllers;
			sourceTree = "<group>";
		};
/* End PBXGroup section */

/* Begin PBXNativeTarget section */
		0B6B9EF92AA8D13E007EA721 /* pure swift networking */ = {
			isa = PBXNativeTarget;
			buildConfigurationList = 0B6B9F0E2AA8D141007EA721 /* Build configuration list for PBXNativeTarget "pure swift networking" */;
			buildPhases = (
				0B6B9EF62AA8D13E007EA721 /* Sources */,
				0B6B9EF72AA8D13E007EA721 /* Frameworks */,
				0B6B9EF82AA8D13E007EA721 /* Resources */,
			);
			buildRules = (
			);
			dependencies = (
			);
			name = "pure swift networking";
			packageProductDependencies = (
				0B6B9F122AA8D31B007EA721 /* Alamofire */,
			);
			productName = "pure swift networking";
			productReference = 0B6B9EFA2AA8D13E007EA721 /* pure swift networking.app */;
			productType = "com.apple.product-type.application";
		};
/* End PBXNativeTarget section */

/* Begin PBXProject section */
		0B6B9EF22AA8D13E007EA721 /* Project object */ = {
			isa = PBXProject;
			attributes = {
				BuildIndependentTargetsInParallel = 1;
				LastSwiftUpdateCheck = 1420;
				LastUpgradeCheck = 1420;
				TargetAttributes = {
					0B6B9EF92AA8D13E007EA721 = {
						CreatedOnToolsVersion = 14.2;
					};
				};
			};
			buildConfigurationList = 0B6B9EF52AA8D13E007EA721 /* Build configuration list for PBXProject "pure swift networking" */;
			compatibilityVersion = "Xcode 14.0";
			developmentRegion = en;
			hasScannedForEncodings = 0;
			knownRegions = (
				en,
				Base,
			);
			mainGroup = 0B6B9EF12AA8D13E007EA721;
			packageReferences = (
				0B6B9F112AA8D31B007EA721 /* XCRemoteSwiftPackageReference "Alamofire" */,
			);
			productRefGroup = 0B6B9EFB2AA8D13E007EA721 /* Products */;
			projectDirPath = "";
			projectRoot = "";
			targets = (
				0B6B9EF92AA8D13E007EA721 /* pure swift networking */,
			);
		};
/* End PBXProject section */

/* Begin PBXResourcesBuildPhase section */
		0B6B9EF82AA8D13E007EA721 /* Resources */ = {
			isa = PBXResourcesBuildPhase;
			buildActionMask = 2147483647;
			files = (
				0B6B9F0A2AA8D141007EA721 /* LaunchScreen.storyboard in Resources */,
				0B6B9F072AA8D141007EA721 /* Assets.xcassets in Resources */,
				0B6B9F052AA8D13E007EA721 /* Main.storyboard in Resources */,
			);
			runOnlyForDeploymentPostprocessing = 0;
		};
/* End PBXResourcesBuildPhase section */

/* Begin PBXSourcesBuildPhase section */
		0B6B9EF62AA8D13E007EA721 /* Sources */ = {
			isa = PBXSourcesBuildPhase;
			buildActionMask = 2147483647;
			files = (
				0B6B9F1D2AA8D40D007EA721 /* RequestHeaderManager.swift in Sources */,
				0B6B9F1E2AA8D40D007EA721 /* RequestBodyManager.swift in Sources */,
				0B6B9F272AA8D5B1007EA721 /* GlobalFunctions.swift in Sources */,
				0B6B9F022AA8D13E007EA721 /* ViewController.swift in Sources */,
				0B6B9F2E2AA8D86D007EA721 /* NameResponse.swift in Sources */,
				0B6B9F292AA8D5C0007EA721 /* GlobalVariables.swift in Sources */,
				0B6B9EFE2AA8D13E007EA721 /* AppDelegate.swift in Sources */,
				0B6B9F2C2AA8D83E007EA721 /* RefreshTokenResponse.swift in Sources */,
				0B6B9F202AA8D40D007EA721 /* RequestQueryParamManager.swift in Sources */,
				0B6B9F222AA8D40D007EA721 /* RequestManager.swift in Sources */,
				0B6B9F162AA8D362007EA721 /* WebService.swift in Sources */,
				0B6B9F242AA8D43F007EA721 /* Connectivity.swift in Sources */,
				0B6B9F212AA8D40D007EA721 /* RequestURLManager.swift in Sources */,
				0B6B9F1F2AA8D40D007EA721 /* NetworkInterceptor.swift in Sources */,
				0B6B9F002AA8D13E007EA721 /* SceneDelegate.swift in Sources */,
			);
			runOnlyForDeploymentPostprocessing = 0;
		};
/* End PBXSourcesBuildPhase section */

/* Begin PBXVariantGroup section */
		0B6B9F032AA8D13E007EA721 /* Main.storyboard */ = {
			isa = PBXVariantGroup;
			children = (
				0B6B9F042AA8D13E007EA721 /* Base */,
			);
			name = Main.storyboard;
			sourceTree = "<group>";
		};
		0B6B9F082AA8D141007EA721 /* LaunchScreen.storyboard */ = {
			isa = PBXVariantGroup;
			children = (
				0B6B9F092AA8D141007EA721 /* Base */,
			);
			name = LaunchScreen.storyboard;
			sourceTree = "<group>";
		};
/* End PBXVariantGroup section */

/* Begin XCBuildConfiguration section */
		0B6B9F0C2AA8D141007EA721 /* Debug */ = {
			isa = XCBuildConfiguration;
			buildSettings = {
				ALWAYS_SEARCH_USER_PATHS = NO;
				CLANG_ANALYZER_NONNULL = YES;
				CLANG_ANALYZER_NUMBER_OBJECT_CONVERSION = YES_AGGRESSIVE;
				CLANG_CXX_LANGUAGE_STANDARD = "gnu++20";
				CLANG_ENABLE_MODULES = YES;
				CLANG_ENABLE_OBJC_ARC = YES;
				CLANG_ENABLE_OBJC_WEAK = YES;
				CLANG_WARN_BLOCK_CAPTURE_AUTORELEASING = YES;
				CLANG_WARN_BOOL_CONVERSION = YES;
				CLANG_WARN_COMMA = YES;
				CLANG_WARN_CONSTANT_CONVERSION = YES;
				CLANG_WARN_DEPRECATED_OBJC_IMPLEMENTATIONS = YES;
				CLANG_WARN_DIRECT_OBJC_ISA_USAGE = YES_ERROR;
				CLANG_WARN_DOCUMENTATION_COMMENTS = YES;
				CLANG_WARN_EMPTY_BODY = YES;
				CLANG_WARN_ENUM_CONVERSION = YES;
				CLANG_WARN_INFINITE_RECURSION = YES;
				CLANG_WARN_INT_CONVERSION = YES;
				CLANG_WARN_NON_LITERAL_NULL_CONVERSION = YES;
				CLANG_WARN_OBJC_IMPLICIT_RETAIN_SELF = YES;
				CLANG_WARN_OBJC_LITERAL_CONVERSION = YES;
				CLANG_WARN_OBJC_ROOT_CLASS = YES_ERROR;
				CLANG_WARN_QUOTED_INCLUDE_IN_FRAMEWORK_HEADER = YES;
				CLANG_WARN_RANGE_LOOP_ANALYSIS = YES;
				CLANG_WARN_STRICT_PROTOTYPES = YES;
				CLANG_WARN_SUSPICIOUS_MOVE = YES;
				CLANG_WARN_UNGUARDED_AVAILABILITY = YES_AGGRESSIVE;
				CLANG_WARN_UNREACHABLE_CODE = YES;
				CLANG_WARN__DUPLICATE_METHOD_MATCH = YES;
				COPY_PHASE_STRIP = NO;
				DEBUG_INFORMATION_FORMAT = dwarf;
				ENABLE_STRICT_OBJC_MSGSEND = YES;
				ENABLE_TESTABILITY = YES;
				GCC_C_LANGUAGE_STANDARD = gnu11;
				GCC_DYNAMIC_NO_PIC = NO;
				GCC_NO_COMMON_BLOCKS = YES;
				GCC_OPTIMIZATION_LEVEL = 0;
				GCC_PREPROCESSOR_DEFINITIONS = (
					"DEBUG=1",
					"$(inherited)",
				);
				GCC_WARN_64_TO_32_BIT_CONVERSION = YES;
				GCC_WARN_ABOUT_RETURN_TYPE = YES_ERROR;
				GCC_WARN_UNDECLARED_SELECTOR = YES;
				GCC_WARN_UNINITIALIZED_AUTOS = YES_AGGRESSIVE;
				GCC_WARN_UNUSED_FUNCTION = YES;
				GCC_WARN_UNUSED_VARIABLE = YES;
				IPHONEOS_DEPLOYMENT_TARGET = 16.2;
				MTL_ENABLE_DEBUG_INFO = INCLUDE_SOURCE;
				MTL_FAST_MATH = YES;
				ONLY_ACTIVE_ARCH = YES;
				SDKROOT = iphoneos;
				SWIFT_ACTIVE_COMPILATION_CONDITIONS = DEBUG;
				SWIFT_OPTIMIZATION_LEVEL = "-Onone";
			};
			name = Debug;
		};
		0B6B9F0D2AA8D141007EA721 /* Release */ = {
			isa = XCBuildConfiguration;
			buildSettings = {
				ALWAYS_SEARCH_USER_PATHS = NO;
				CLANG_ANALYZER_NONNULL = YES;
				CLANG_ANALYZER_NUMBER_OBJECT_CONVERSION = YES_AGGRESSIVE;
				CLANG_CXX_LANGUAGE_STANDARD = "gnu++20";
				CLANG_ENABLE_MODULES = YES;
				CLANG_ENABLE_OBJC_ARC = YES;
				CLANG_ENABLE_OBJC_WEAK = YES;
				CLANG_WARN_BLOCK_CAPTURE_AUTORELEASING = YES;
				CLANG_WARN_BOOL_CONVERSION = YES;
				CLANG_WARN_COMMA = YES;
				CLANG_WARN_CONSTANT_CONVERSION = YES;
				CLANG_WARN_DEPRECATED_OBJC_IMPLEMENTATIONS = YES;
				CLANG_WARN_DIRECT_OBJC_ISA_USAGE = YES_ERROR;
				CLANG_WARN_DOCUMENTATION_COMMENTS = YES;
				CLANG_WARN_EMPTY_BODY = YES;
				CLANG_WARN_ENUM_CONVERSION = YES;
				CLANG_WARN_INFINITE_RECURSION = YES;
				CLANG_WARN_INT_CONVERSION = YES;
				CLANG_WARN_NON_LITERAL_NULL_CONVERSION = YES;
				CLANG_WARN_OBJC_IMPLICIT_RETAIN_SELF = YES;
				CLANG_WARN_OBJC_LITERAL_CONVERSION = YES;
				CLANG_WARN_OBJC_ROOT_CLASS = YES_ERROR;
				CLANG_WARN_QUOTED_INCLUDE_IN_FRAMEWORK_HEADER = YES;
				CLANG_WARN_RANGE_LOOP_ANALYSIS = YES;
				CLANG_WARN_STRICT_PROTOTYPES = YES;
				CLANG_WARN_SUSPICIOUS_MOVE = YES;
				CLANG_WARN_UNGUARDED_AVAILABILITY = YES_AGGRESSIVE;
				CLANG_WARN_UNREACHABLE_CODE = YES;
				CLANG_WARN__DUPLICATE_METHOD_MATCH = YES;
				COPY_PHASE_STRIP = NO;
				DEBUG_INFORMATION_FORMAT = "dwarf-with-dsym";
				ENABLE_NS_ASSERTIONS = NO;
				ENABLE_STRICT_OBJC_MSGSEND = YES;
				GCC_C_LANGUAGE_STANDARD = gnu11;
				GCC_NO_COMMON_BLOCKS = YES;
				GCC_WARN_64_TO_32_BIT_CONVERSION = YES;
				GCC_WARN_ABOUT_RETURN_TYPE = YES_ERROR;
				GCC_WARN_UNDECLARED_SELECTOR = YES;
				GCC_WARN_UNINITIALIZED_AUTOS = YES_AGGRESSIVE;
				GCC_WARN_UNUSED_FUNCTION = YES;
				GCC_WARN_UNUSED_VARIABLE = YES;
				IPHONEOS_DEPLOYMENT_TARGET = 16.2;
				MTL_ENABLE_DEBUG_INFO = NO;
				MTL_FAST_MATH = YES;
				SDKROOT = iphoneos;
				SWIFT_COMPILATION_MODE = wholemodule;
				SWIFT_OPTIMIZATION_LEVEL = "-O";
				VALIDATE_PRODUCT = YES;
			};
			name = Release;
		};
		0B6B9F0F2AA8D141007EA721 /* Debug */ = {
			isa = XCBuildConfiguration;
			buildSettings = {
				ASSETCATALOG_COMPILER_APPICON_NAME = AppIcon;
				ASSETCATALOG_COMPILER_GLOBAL_ACCENT_COLOR_NAME = AccentColor;
				CODE_SIGN_STYLE = Automatic;
				CURRENT_PROJECT_VERSION = 1;
				DEVELOPMENT_TEAM = 63BQPADX5U;
				GENERATE_INFOPLIST_FILE = YES;
				INFOPLIST_FILE = "pure swift networking/Info.plist";
				INFOPLIST_KEY_UIApplicationSupportsIndirectInputEvents = YES;
				INFOPLIST_KEY_UILaunchStoryboardName = LaunchScreen;
				INFOPLIST_KEY_UIMainStoryboardFile = Main;
				INFOPLIST_KEY_UISupportedInterfaceOrientations_iPad = "UIInterfaceOrientationPortrait UIInterfaceOrientationPortraitUpsideDown UIInterfaceOrientationLandscapeLeft UIInterfaceOrientationLandscapeRight";
				INFOPLIST_KEY_UISupportedInterfaceOrientations_iPhone = "UIInterfaceOrientationPortrait UIInterfaceOrientationLandscapeLeft UIInterfaceOrientationLandscapeRight";
				LD_RUNPATH_SEARCH_PATHS = (
					"$(inherited)",
					"@executable_path/Frameworks",
				);
				MARKETING_VERSION = 1.0;
				PRODUCT_BUNDLE_IDENTIFIER = "com.ahmadreza.pure-swift-networking";
				PRODUCT_NAME = "$(TARGET_NAME)";
				SWIFT_EMIT_LOC_STRINGS = YES;
				SWIFT_VERSION = 5.0;
				TARGETED_DEVICE_FAMILY = "1,2";
			};
			name = Debug;
		};
		0B6B9F102AA8D141007EA721 /* Release */ = {
			isa = XCBuildConfiguration;
			buildSettings = {
				ASSETCATALOG_COMPILER_APPICON_NAME = AppIcon;
				ASSETCATALOG_COMPILER_GLOBAL_ACCENT_COLOR_NAME = AccentColor;
				CODE_SIGN_STYLE = Automatic;
				CURRENT_PROJECT_VERSION = 1;
				DEVELOPMENT_TEAM = 63BQPADX5U;
				GENERATE_INFOPLIST_FILE = YES;
				INFOPLIST_FILE = "pure swift networking/Info.plist";
				INFOPLIST_KEY_UIApplicationSupportsIndirectInputEvents = YES;
				INFOPLIST_KEY_UILaunchStoryboardName = LaunchScreen;
				INFOPLIST_KEY_UIMainStoryboardFile = Main;
				INFOPLIST_KEY_UISupportedInterfaceOrientations_iPad = "UIInterfaceOrientationPortrait UIInterfaceOrientationPortraitUpsideDown UIInterfaceOrientationLandscapeLeft UIInterfaceOrientationLandscapeRight";
				INFOPLIST_KEY_UISupportedInterfaceOrientations_iPhone = "UIInterfaceOrientationPortrait UIInterfaceOrientationLandscapeLeft UIInterfaceOrientationLandscapeRight";
				LD_RUNPATH_SEARCH_PATHS = (
					"$(inherited)",
					"@executable_path/Frameworks",
				);
				MARKETING_VERSION = 1.0;
				PRODUCT_BUNDLE_IDENTIFIER = "com.ahmadreza.pure-swift-networking";
				PRODUCT_NAME = "$(TARGET_NAME)";
				SWIFT_EMIT_LOC_STRINGS = YES;
				SWIFT_VERSION = 5.0;
				TARGETED_DEVICE_FAMILY = "1,2";
			};
			name = Release;
		};
/* End XCBuildConfiguration section */

/* Begin XCConfigurationList section */
		0B6B9EF52AA8D13E007EA721 /* Build configuration list for PBXProject "pure swift networking" */ = {
			isa = XCConfigurationList;
			buildConfigurations = (
				0B6B9F0C2AA8D141007EA721 /* Debug */,
				0B6B9F0D2AA8D141007EA721 /* Release */,
			);
			defaultConfigurationIsVisible = 0;
			defaultConfigurationName = Release;
		};
		0B6B9F0E2AA8D141007EA721 /* Build configuration list for PBXNativeTarget "pure swift networking" */ = {
			isa = XCConfigurationList;
			buildConfigurations = (
				0B6B9F0F2AA8D141007EA721 /* Debug */,
				0B6B9F102AA8D141007EA721 /* Release */,
			);
			defaultConfigurationIsVisible = 0;
			defaultConfigurationName = Release;
		};
/* End XCConfigurationList section */

/* Begin XCRemoteSwiftPackageReference section */
		0B6B9F112AA8D31B007EA721 /* XCRemoteSwiftPackageReference "Alamofire" */ = {
			isa = XCRemoteSwiftPackageReference;
			repositoryURL = "https://github.com/Alamofire/Alamofire";
			requirement = {
				kind = upToNextMajorVersion;
				minimumVersion = 5.0.0;
			};
		};
/* End XCRemoteSwiftPackageReference section */

/* Begin XCSwiftPackageProductDependency section */
		0B6B9F122AA8D31B007EA721 /* Alamofire */ = {
			isa = XCSwiftPackageProductDependency;
			package = 0B6B9F112AA8D31B007EA721 /* XCRemoteSwiftPackageReference "Alamofire" */;
			productName = Alamofire;
		};
/* End XCSwiftPackageProductDependency section */
	};
	rootObject = 0B6B9EF22AA8D13E007EA721 /* Project object */;
}
